
Microsoft Visual Studio Solution File, Format Version 12.00
# Visual Studio Version 16
VisualStudioVersion = 16.0.29709.97
MinimumVisualStudioVersion = 10.0.40219.1
Project("{FAE04EC0-301F-11D3-BF4B-00C04F79EFBC}") = "GameConsole", "GameConsole\GameConsole.csproj", "{064048CD-05BC-43E6-A8F7-DF9B76C0DE3B}"
EndProject
Project("{FAE04EC0-301F-11D3-BF4B-00C04F79EFBC}") = "CS8NullBasics", "CS8NullBasics\CS8NullBasics.csproj", "{80586D13-6EA6-4A1E-BF7D-8FE3E498BF9A}"
EndProject
Global
	GlobalSection(SolutionConfigurationPlatforms) = preSolution
		Debug|Any CPU = Debug|Any CPU
		Release|Any CPU = Release|Any CPU
	EndGlobalSection
	GlobalSection(ProjectConfigurationPlatforms) = postSolution
		{064048CD-05BC-43E6-A8F7-DF9B76C0DE3B}.Debug|Any CPU.ActiveCfg = Debug|Any CPU
		{064048CD-05BC-43E6-A8F7-DF9B76C0DE3B}.Debug|Any CPU.Build.0 = Debug|Any CPU
		{064048CD-05BC-43E6-A8F7-DF9B76C0DE3B}.Release|Any CPU.ActiveCfg = Release|Any CPU
		{064048CD-05BC-43E6-A8F7-DF9B76C0DE3B}.Release|Any CPU.Build.0 = Release|Any CPU
		{80586D13-6EA6-4A1E-BF7D-8FE3E498BF9A}.Debug|Any CPU.ActiveCfg = Debug|Any CPU
		{80586D13-6EA6-4A1E-BF7D-8FE3E498BF9A}.Debug|Any CPU.Build.0 = Debug|Any CPU
		{80586D13-6EA6-4A1E-BF7D-8FE3E498BF9A}.Release|Any CPU.ActiveCfg = Release|Any CPU
		{80586D13-6EA6-4A1E-BF7D-8FE3E498BF9A}.Release|Any CPU.Build.0 = Release|Any CPU
	EndGlobalSection
	GlobalSection(SolutionProperties) = preSolution
		HideSolutionNode = FALSE
	EndGlobalSection
	GlobalSection(ExtensibilityGlobals) = postSolution
		SolutionGuid = {23F652AC-9FBF-47C9-AE95-85E3CE1149CB}
	EndGlobalSection
EndGlobal
